
Microsoft Visual Studio Solution File, Format Version 12.00
# Visual Studio 15
VisualStudioVersion = 15.0.28307.705
MinimumVisualStudioVersion = 10.0.40219.1
Project("{FAE04EC0-301F-11D3-BF4B-00C04F79EFBC}") = "ut_kids", "ut_kids\ut_kids.csproj", "{4F89EE66-56C6-4059-882D-C31B085E13CE}"
EndProject
Project("{FAE04EC0-301F-11D3-BF4B-00C04F79EFBC}") = "Modelo", "Modelo\Modelo.csproj", "{763E67EB-554F-4B52-8EE8-643436F8495C}"
EndProject
Project("{FAE04EC0-301F-11D3-BF4B-00C04F79EFBC}") = "Controller", "Controller\Controller.csproj", "{3E9B9C6E-C2DB-476C-A524-0909EA628088}"
EndProject
Global
	GlobalSection(SolutionConfigurationPlatforms) = preSolution
		Debug|Any CPU = Debug|Any CPU
		Release|Any CPU = Release|Any CPU
	EndGlobalSection
	GlobalSection(ProjectConfigurationPlatforms) = postSolution
		{4F89EE66-56C6-4059-882D-C31B085E13CE}.Debug|Any CPU.ActiveCfg = Debug|Any CPU
		{4F89EE66-56C6-4059-882D-C31B085E13CE}.Debug|Any CPU.Build.0 = Debug|Any CPU
		{4F89EE66-56C6-4059-882D-C31B085E13CE}.Release|Any CPU.ActiveCfg = Release|Any CPU
		{4F89EE66-56C6-4059-882D-C31B085E13CE}.Release|Any CPU.Build.0 = Release|Any CPU
		{763E67EB-554F-4B52-8EE8-643436F8495C}.Debug|Any CPU.ActiveCfg = Debug|Any CPU
		{763E67EB-554F-4B52-8EE8-643436F8495C}.Debug|Any CPU.Build.0 = Debug|Any CPU
		{763E67EB-554F-4B52-8EE8-643436F8495C}.Release|Any CPU.ActiveCfg = Release|Any CPU
		{763E67EB-554F-4B52-8EE8-643436F8495C}.Release|Any CPU.Build.0 = Release|Any CPU
		{3E9B9C6E-C2DB-476C-A524-0909EA628088}.Debug|Any CPU.ActiveCfg = Debug|Any CPU
		{3E9B9C6E-C2DB-476C-A524-0909EA628088}.Debug|Any CPU.Build.0 = Debug|Any CPU
		{3E9B9C6E-C2DB-476C-A524-0909EA628088}.Release|Any CPU.ActiveCfg = Release|Any CPU
		{3E9B9C6E-C2DB-476C-A524-0909EA628088}.Release|Any CPU.Build.0 = Release|Any CPU
	EndGlobalSection
	GlobalSection(SolutionProperties) = preSolution
		HideSolutionNode = FALSE
	EndGlobalSection
	GlobalSection(ExtensibilityGlobals) = postSolution
		SolutionGuid = {B9C164E7-D4E4-4BF1-BF23-801B105F3AF4}
	EndGlobalSection
EndGlobal
